<?xml version="1.0" encoding="UTF-8"?>
<Scheme
   LastUpgradeVersion = "2640"
   version = "1.7">
   <BuildAction
      parallelizeBuildables = "YES"
      buildImplicitDependencies = "YES"
      buildArchitectures = "Automatic">
      <BuildActionEntries>
         <BuildActionEntry
            buildForTesting = "YES"
            buildForRunning = "YES"
            buildForProfiling = "YES"
            buildForArchiving = "YES"
            buildForAnalyzing = "YES">
            <BuildableReference
               BuildableIdentifier = "primary"
               BlueprintIdentifier = "C7A3C1912F5E5E47001B0B82"
               BuildableName = "10x.app"
               BlueprintName = "10x-macos"
               ReferencedContainer = "container:10x-macos.xcodeproj">
            </BuildableReference>
         </BuildActionEntry>
      </BuildActionEntries>
   </BuildAction>
   <TestAction
      buildConfiguration = "Debug"
      selectedDebuggerIdentifier = "Xcode.DebuggerFoundation.Debugger.LLDB"
      selectedLauncherIdentifier = "Xcode.DebuggerFoundation.Launcher.LLDB"
      shouldUseLaunchSchemeArgsEnv = "YES"
      shouldAutocreateTestPlan = "YES">
   </TestAction>
   <LaunchAction
      buildConfiguration = "Debug"
      selectedDebuggerIdentifier = "Xcode.DebuggerFoundation.Debugger.LLDB"
      selectedLauncherIdentifier = "Xcode.DebuggerFoundation.Launcher.LLDB"
      launchStyle = "0"
      useCustomWorkingDirectory = "NO"
      ignoresPersistentStateOnLaunch = "NO"
      debugDocumentVersioning = "YES"
      debugServiceExtension = "internal"
      allowLocationSimulation = "YES">
      <PreActions>
         <ExecutionAction
            ActionType = "Xcode.IDEStandardExecutionActionsCore.ExecutionActionType.ShellScriptAction">
            <ActionContent
               title = "Quit running 10x instance"
               scriptText = "osascript -e &apos;tell application id &quot;app.10x.macos&quot; to quit&apos; &gt;/dev/null 2&gt;&amp;1 || true&#10;for _ in $(seq 1 20); do&#10;  if ! pgrep -f &apos;/10x\\.app/Contents/MacOS/10x( |$)&apos; &gt;/dev/null 2&gt;&amp;1; then&#10;    exit 0&#10;  fi&#10;  sleep 0.25&#10;done&#10;pkill -TERM -f &apos;/10x\\.app/Contents/MacOS/10x( |$)&apos; &gt;/dev/null 2&gt;&amp;1 || true&#10;sleep 0.5&#10;pkill -KILL -f &apos;/10x\\.app/Contents/MacOS/10x( |$)&apos; &gt;/dev/null 2&gt;&amp;1 || true">
               <EnvironmentBuildable>
                  <BuildableReference
                     BuildableIdentifier = "primary"
                     BlueprintIdentifier = "C7A3C1912F5E5E47001B0B82"
                     BuildableName = "10x.app"
                     BlueprintName = "10x-macos"
                     ReferencedContainer = "container:10x-macos.xcodeproj">
                  </BuildableReference>
               </EnvironmentBuildable>
            </ActionContent>
         </ExecutionAction>
      </PreActions>
      <BuildableProductRunnable
         runnableDebuggingMode = "0">
         <BuildableReference
            BuildableIdentifier = "primary"
            BlueprintIdentifier = "C7A3C1912F5E5E47001B0B82"
            BuildableName = "10x.app"
            BlueprintName = "10x-macos"
            ReferencedContainer = "container:10x-macos.xcodeproj">
         </BuildableReference>
      </BuildableProductRunnable>
      <CommandLineArguments>
         <CommandLineArgument
            argument = "TENX_FORCE_MISSING_XCODE=1"
            isEnabled = "NO">
         </CommandLineArgument>
         <CommandLineArgument
            argument = "TENX_FORCE_MISSING_SIMULATOR=1 "
            isEnabled = "NO">
         </CommandLineArgument>
      </CommandLineArguments>
      <EnvironmentVariables>
         <EnvironmentVariable
            key = "TENX_FORCE_MISSING_XCODE"
            value = "1"
            isEnabled = "NO">
         </EnvironmentVariable>
         <EnvironmentVariable
            key = "TENX_FORCE_MISSING_SIMULATOR"
            value = "1"
            isEnabled = "NO">
         </EnvironmentVariable>
      </EnvironmentVariables>
   </LaunchAction>
   <ProfileAction
      buildConfiguration = "Release"
      shouldUseLaunchSchemeArgsEnv = "YES"
      savedToolIdentifier = ""
      useCustomWorkingDirectory = "NO"
      debugDocumentVersioning = "YES">
      <BuildableProductRunnable
         runnableDebuggingMode = "0">
         <BuildableReference
            BuildableIdentifier = "primary"
            BlueprintIdentifier = "C7A3C1912F5E5E47001B0B82"
            BuildableName = "10x.app"
            BlueprintName = "10x-macos"
            ReferencedContainer = "container:10x-macos.xcodeproj">
         </BuildableReference>
      </BuildableProductRunnable>
   </ProfileAction>
   <AnalyzeAction
      buildConfiguration = "Debug">
   </AnalyzeAction>
   <ArchiveAction
      buildConfiguration = "Release"
      revealArchiveInOrganizer = "YES">
   </ArchiveAction>
</Scheme>
